
Microsoft Visual Studio Solution File, Format Version 12.00
# Visual Studio Version 16
VisualStudioVersion = 16.0.30320.27
MinimumVisualStudioVersion = 10.0.40219.1
Project("{8BC9CEB8-8B4A-11D0-8D11-00A0C91BC942}") = "1ELE705_SEM7_GT_FillHandOt_GH", "1ELE705_SEM7_GT_FillHandOt_GH.vcxproj", "{3F409BCC-560D-408F-8F07-F298D9BFC626}"
EndProject
Global
	GlobalSection(SolutionConfigurationPlatforms) = preSolution
		Debug|x64 = Debug|x64
		Debug|x86 = Debug|x86
		Release|x64 = Release|x64
		Release|x86 = Release|x86
	EndGlobalSection
	GlobalSection(ProjectConfigurationPlatforms) = postSolution
		{3F409BCC-560D-408F-8F07-F298D9BFC626}.Debug|x64.ActiveCfg = Debug|x64
		{3F409BCC-560D-408F-8F07-F298D9BFC626}.Debug|x64.Build.0 = Debug|x64
		{3F409BCC-560D-408F-8F07-F298D9BFC626}.Debug|x86.ActiveCfg = Debug|Win32
		{3F409BCC-560D-408F-8F07-F298D9BFC626}.Debug|x86.Build.0 = Debug|Win32
		{3F409BCC-560D-408F-8F07-F298D9BFC626}.Release|x64.ActiveCfg = Release|x64
		{3F409BCC-560D-408F-8F07-F298D9BFC626}.Release|x64.Build.0 = Release|x64
		{3F409BCC-560D-408F-8F07-F298D9BFC626}.Release|x86.ActiveCfg = Release|Win32
		{3F409BCC-560D-408F-8F07-F298D9BFC626}.Release|x86.Build.0 = Release|Win32
	EndGlobalSection
	GlobalSection(SolutionProperties) = preSolution
		HideSolutionNode = FALSE
	EndGlobalSection
	GlobalSection(ExtensibilityGlobals) = postSolution
		SolutionGuid = {16C5B919-2944-4331-81A4-6A8BB86F10DA}
	EndGlobalSection
EndGlobal
